
Microsoft Visual Studio Solution File, Format Version 12.00
# Visual Studio Version 16
VisualStudioVersion = 16.0.31205.134
MinimumVisualStudioVersion = 10.0.40219.1
Project("{9A19103F-16F7-4668-BE54-9A1E7A4F7556}") = "AppMVC", "AppMVC\AppMVC.csproj", "{979AC514-BD7E-471B-8404-33AA051DBF15}"
EndProject
Project("{FAE04EC0-301F-11D3-BF4B-00C04F79EFBC}") = "WorkingWithDITest", "WorkingWithDITest\WorkingWithDITest.csproj", "{0768A34C-975B-412A-902A-33E0DB184186}"
EndProject
Global
	GlobalSection(SolutionConfigurationPlatforms) = preSolution
		Debug|Any CPU = Debug|Any CPU
		Release|Any CPU = Release|Any CPU
	EndGlobalSection
	GlobalSection(ProjectConfigurationPlatforms) = postSolution
		{979AC514-BD7E-471B-8404-33AA051DBF15}.Debug|Any CPU.ActiveCfg = Debug|Any CPU
		{979AC514-BD7E-471B-8404-33AA051DBF15}.Debug|Any CPU.Build.0 = Debug|Any CPU
		{979AC514-BD7E-471B-8404-33AA051DBF15}.Release|Any CPU.ActiveCfg = Release|Any CPU
		{979AC514-BD7E-471B-8404-33AA051DBF15}.Release|Any CPU.Build.0 = Release|Any CPU
		{0768A34C-975B-412A-902A-33E0DB184186}.Debug|Any CPU.ActiveCfg = Debug|Any CPU
		{0768A34C-975B-412A-902A-33E0DB184186}.Debug|Any CPU.Build.0 = Debug|Any CPU
		{0768A34C-975B-412A-902A-33E0DB184186}.Release|Any CPU.ActiveCfg = Release|Any CPU
		{0768A34C-975B-412A-902A-33E0DB184186}.Release|Any CPU.Build.0 = Release|Any CPU
	EndGlobalSection
	GlobalSection(SolutionProperties) = preSolution
		HideSolutionNode = FALSE
	EndGlobalSection
	GlobalSection(ExtensibilityGlobals) = postSolution
		SolutionGuid = {2EC7CAE4-9389-4C00-A0B7-9CDF8992C644}
	EndGlobalSection
EndGlobal
